Microsoft Visual Studio Solution File, Format Version 12.00
# Visual Studio Version 17
VisualStudioVersion = 17.5.2.0
MinimumVisualStudioVersion = 10.0.40219.1
Project("{FAE04EC0-301F-11D3-BF4B-00C04F79EFBC}") = "PRN222_CloneEbay_Seller", "PRN222_CloneEbay_Seller.csproj", "{984DE4F3-ABB2-EBEF-1379-6DDF4E339F3B}"
EndProject
Global
	GlobalSection(SolutionConfigurationPlatforms) = preSolution
		Debug|Any CPU = Debug|Any CPU
		Release|Any CPU = Release|Any CPU
	EndGlobalSection
	GlobalSection(ProjectConfigurationPlatforms) = postSolution
		{984DE4F3-ABB2-EBEF-1379-6DDF4E339F3B}.Debug|Any CPU.ActiveCfg = Debug|Any CPU
		{984DE4F3-ABB2-EBEF-1379-6DDF4E339F3B}.Debug|Any CPU.Build.0 = Debug|Any CPU
		{984DE4F3-ABB2-EBEF-1379-6DDF4E339F3B}.Release|Any CPU.ActiveCfg = Release|Any CPU
		{984DE4F3-ABB2-EBEF-1379-6DDF4E339F3B}.Release|Any CPU.Build.0 = Release|Any CPU
	EndGlobalSection
	GlobalSection(SolutionProperties) = preSolution
		HideSolutionNode = FALSE
	EndGlobalSection
	GlobalSection(ExtensibilityGlobals) = postSolution
		SolutionGuid = {64610599-A00A-4B45-B2C2-D6A4FB5CD28B}
	EndGlobalSection
EndGlobal
